{
    "_meta": {
        "hash": {
            "sha256": "804d99997312c9cc1c6ad1b826c9678fe2954be8768924dd56fe75f10e592a72"
        },
        "pipfile-spec": 6,
        "requires": {
            "python_version": "3.6"
        },
        "sources": [
            {
                "name": "pypi",
                "url": "https://mirrors.aliyun.com/pypi/simple/",
                "verify_ssl": true
            }
        ]
    },
    "default": {
        "django": {
            "hashes": [
                "sha256:9614851d4a7ff8cbd32b73c6076441f377c45a5bbff7e771798fb02c43c31f47",
                "sha256:af18618ce3291be5092893d8522fe3919661bf3a1fb60e3858ae74865a4f07c2"
            ],
            "index": "pypi",
            "version": "==2.0"
        },
        "pytz": {
            "hashes": [
                "sha256:32b0891edff07e28efe91284ed9c31e123d84bea3fd98e1f72be2508f43ef8d9",
                "sha256:d5f05e487007e29e03409f9398d074e158d920d36eb82eaf66fb1136b0c5374c"
            ],
            "version": "==2018.9"
        }
    },
    "develop": {}
}
